
Microsoft Visual Studio Solution File, Format Version 12.00
# Visual Studio Version 17
VisualStudioVersion = 17.11.35303.130
MinimumVisualStudioVersion = 10.0.40219.1
Project("{2150E333-8FDC-42A3-9474-1A3956D46DE8}") = "Task0", "Task0", "{295AB5BA-7802-4ED5-8007-E02B118024B2}"
EndProject
Project("{FAE04EC0-301F-11D3-BF4B-00C04F79EFBC}") = "Tyuiu.BorkovNA.Sprint3.Task0.V23.Lib", "Tyuiu.BorkovNA.Sprint3.Task0.V23.Lib\Tyuiu.BorkovNA.Sprint3.Task0.V23.Lib.csproj", "{CE003A27-D4FA-42B5-BC37-7537B474644A}"
EndProject
Project("{FAE04EC0-301F-11D3-BF4B-00C04F79EFBC}") = "Tyuiu.BorkovNA.Sprint3.Task0.V23.Test", "Tyuiu.BorkovNA.Sprint3.Task0.V23.Test\Tyuiu.BorkovNA.Sprint3.Task0.V23.Test.csproj", "{10995187-A15A-4682-BD79-47AB6BF8AA16}"
EndProject
Project("{FAE04EC0-301F-11D3-BF4B-00C04F79EFBC}") = "Tyuiu.BorkovNA.Sprint3.Task0.V23", "Tyuiu.BorkovNA.Sprint3.Task0.V23\Tyuiu.BorkovNA.Sprint3.Task0.V23.csproj", "{3F298309-141E-4346-BF11-D1E7FB33D0A2}"
EndProject
Project("{2150E333-8FDC-42A3-9474-1A3956D46DE8}") = "Task1", "Task1", "{F6FA9337-AED5-4837-8A02-D5D9C7F0109A}"
EndProject
Project("{FAE04EC0-301F-11D3-BF4B-00C04F79EFBC}") = "Tyuiu.BorkovNA.Sprint3.Task1.V24.Lib", "Tyuiu.BorkovNA.Sprint3.Task1.V24.Lib\Tyuiu.BorkovNA.Sprint3.Task1.V24.Lib.csproj", "{47A09C68-CF42-4833-A3D0-A8F0421515A1}"
EndProject
Project("{FAE04EC0-301F-11D3-BF4B-00C04F79EFBC}") = "Tyuiu.BorkovNA.Sprint3.Task1.V24.Test", "Tyuiu.BorkovNA.Sprint3.Task1.V24.Test\Tyuiu.BorkovNA.Sprint3.Task1.V24.Test.csproj", "{C868E2C9-4D53-4C4C-87DC-945882BCDC6F}"
EndProject
Project("{FAE04EC0-301F-11D3-BF4B-00C04F79EFBC}") = "Tyuiu.BorkovNA.Sprint3.Task1.V24", "Tyuiu.BorkovNA.Sprint3.Task1.V24\Tyuiu.BorkovNA.Sprint3.Task1.V24.csproj", "{F451D6EB-9438-4D03-B16D-E2187D1F6E16}"
EndProject
Project("{2150E333-8FDC-42A3-9474-1A3956D46DE8}") = "Task2", "Task2", "{CABC859C-4BFE-4F5D-A2A5-C59579E31551}"
EndProject
Project("{FAE04EC0-301F-11D3-BF4B-00C04F79EFBC}") = "Tyuiu.BorkovNA.Sprint3.Task2.V13.Lib", "Tyuiu.BorkovNA.Sprint3.Task2.V13.Lib\Tyuiu.BorkovNA.Sprint3.Task2.V13.Lib.csproj", "{C8616A31-A2C5-4D55-B4E6-0A4C974B053F}"
EndProject
Project("{FAE04EC0-301F-11D3-BF4B-00C04F79EFBC}") = "Tyuiu.BorkovNA.Sprint3.Task2.V13.Test", "Tyuiu.BorkovNA.Sprint3.Task2.V13.Test\Tyuiu.BorkovNA.Sprint3.Task2.V13.Test.csproj", "{85C057FF-F7AA-4EF9-B68B-14480B6CCE9C}"
EndProject
Project("{FAE04EC0-301F-11D3-BF4B-00C04F79EFBC}") = "Tyuiu.BorkovNA.Sprint3.Task2.V13", "Tyuiu.BorkovNA.Sprint3.Task2.V13\Tyuiu.BorkovNA.Sprint3.Task2.V13.csproj", "{2EC729CF-9C84-4C3E-BF87-ABD524A3EB05}"
EndProject
Project("{2150E333-8FDC-42A3-9474-1A3956D46DE8}") = "Task3", "Task3", "{41A7566F-768D-410F-9D8E-65F7DF6127F6}"
EndProject
Project("{FAE04EC0-301F-11D3-BF4B-00C04F79EFBC}") = "Tyuiu.BorkovNA.Sprint3.Task3.V24.Lib", "Tyuiu.BorkovNA.Sprint3.Task3.V24.Lib\Tyuiu.BorkovNA.Sprint3.Task3.V24.Lib.csproj", "{84072AE5-2E54-4EE9-99F1-BFA06A92282D}"
EndProject
Project("{FAE04EC0-301F-11D3-BF4B-00C04F79EFBC}") = "Tyuiu.BorkovNA.Sprint3.Task3.V24.Test", "Tyuiu.BorkovNA.Sprint3.Task3.V24.Test\Tyuiu.BorkovNA.Sprint3.Task3.V24.Test.csproj", "{30BEDA9F-F7B6-486C-91F6-0EF64523C0B1}"
EndProject
Project("{FAE04EC0-301F-11D3-BF4B-00C04F79EFBC}") = "Tyuiu.BorkovNA.Sprint3.Task3.V24", "Tyuiu.BorkovNA.Sprint3.Task3.V24\Tyuiu.BorkovNA.Sprint3.Task3.V24.csproj", "{A1D4A8B2-C542-4548-BEF2-E11392F86768}"
EndProject
Project("{2150E333-8FDC-42A3-9474-1A3956D46DE8}") = "Task4", "Task4", "{1090BDC6-7BA0-4EFD-9DDE-6971C963AAE9}"
EndProject
Project("{FAE04EC0-301F-11D3-BF4B-00C04F79EFBC}") = "Tyuiu.BorkovNA.Sprint3.Task4.V28.Lib", "Tyuiu.BorkovNA.Sprint3.Task4.V28.Lib\Tyuiu.BorkovNA.Sprint3.Task4.V28.Lib.csproj", "{95B060B2-900E-43D9-A5F8-6C58E91A15C4}"
EndProject
Project("{FAE04EC0-301F-11D3-BF4B-00C04F79EFBC}") = "Tyuiu.BorkovNA.Sprint3.Task4.V28.Test", "Tyuiu.BorkovNA.Sprint3.Task4.V28.Test\Tyuiu.BorkovNA.Sprint3.Task4.V28.Test.csproj", "{33FDBB6A-0828-43F6-8AD0-D6196050DBCE}"
EndProject
Project("{FAE04EC0-301F-11D3-BF4B-00C04F79EFBC}") = "Tyuiu.BorkovNA.Sprint3.Task4.V28", "Tyuiu.BorkovNA.Sprint3.Task4.V28\Tyuiu.BorkovNA.Sprint3.Task4.V28.csproj", "{603B3B83-65FA-4DE0-A665-4A962080088A}"
EndProject
Global
	GlobalSection(SolutionConfigurationPlatforms) = preSolution
		Debug|Any CPU = Debug|Any CPU
		Release|Any CPU = Release|Any CPU
	EndGlobalSection
	GlobalSection(ProjectConfigurationPlatforms) = postSolution
		{CE003A27-D4FA-42B5-BC37-7537B474644A}.Debug|Any CPU.ActiveCfg = Debug|Any CPU
		{CE003A27-D4FA-42B5-BC37-7537B474644A}.Debug|Any CPU.Build.0 = Debug|Any CPU
		{CE003A27-D4FA-42B5-BC37-7537B474644A}.Release|Any CPU.ActiveCfg = Release|Any CPU
		{CE003A27-D4FA-42B5-BC37-7537B474644A}.Release|Any CPU.Build.0 = Release|Any CPU
		{10995187-A15A-4682-BD79-47AB6BF8AA16}.Debug|Any CPU.ActiveCfg = Debug|Any CPU
		{10995187-A15A-4682-BD79-47AB6BF8AA16}.Debug|Any CPU.Build.0 = Debug|Any CPU
		{10995187-A15A-4682-BD79-47AB6BF8AA16}.Release|Any CPU.ActiveCfg = Release|Any CPU
		{10995187-A15A-4682-BD79-47AB6BF8AA16}.Release|Any CPU.Build.0 = Release|Any CPU
		{3F298309-141E-4346-BF11-D1E7FB33D0A2}.Debug|Any CPU.ActiveCfg = Debug|Any CPU
		{3F298309-141E-4346-BF11-D1E7FB33D0A2}.Debug|Any CPU.Build.0 = Debug|Any CPU
		{3F298309-141E-4346-BF11-D1E7FB33D0A2}.Release|Any CPU.ActiveCfg = Release|Any CPU
		{3F298309-141E-4346-BF11-D1E7FB33D0A2}.Release|Any CPU.Build.0 = Release|Any CPU
		{47A09C68-CF42-4833-A3D0-A8F0421515A1}.Debug|Any CPU.ActiveCfg = Debug|Any CPU
		{47A09C68-CF42-4833-A3D0-A8F0421515A1}.Debug|Any CPU.Build.0 = Debug|Any CPU
		{47A09C68-CF42-4833-A3D0-A8F0421515A1}.Release|Any CPU.ActiveCfg = Release|Any CPU
		{47A09C68-CF42-4833-A3D0-A8F0421515A1}.Release|Any CPU.Build.0 = Release|Any CPU
		{C868E2C9-4D53-4C4C-87DC-945882BCDC6F}.Debug|Any CPU.ActiveCfg = Debug|Any CPU
		{C868E2C9-4D53-4C4C-87DC-945882BCDC6F}.Debug|Any CPU.Build.0 = Debug|Any CPU
		{C868E2C9-4D53-4C4C-87DC-945882BCDC6F}.Release|Any CPU.ActiveCfg = Release|Any CPU
		{C868E2C9-4D53-4C4C-87DC-945882BCDC6F}.Release|Any CPU.Build.0 = Release|Any CPU
		{F451D6EB-9438-4D03-B16D-E2187D1F6E16}.Debug|Any CPU.ActiveCfg = Debug|Any CPU
		{F451D6EB-9438-4D03-B16D-E2187D1F6E16}.Debug|Any CPU.Build.0 = Debug|Any CPU
		{F451D6EB-9438-4D03-B16D-E2187D1F6E16}.Release|Any CPU.ActiveCfg = Release|Any CPU
		{F451D6EB-9438-4D03-B16D-E2187D1F6E16}.Release|Any CPU.Build.0 = Release|Any CPU
		{C8616A31-A2C5-4D55-B4E6-0A4C974B053F}.Debug|Any CPU.ActiveCfg = Debug|Any CPU
		{C8616A31-A2C5-4D55-B4E6-0A4C974B053F}.Debug|Any CPU.Build.0 = Debug|Any CPU
		{C8616A31-A2C5-4D55-B4E6-0A4C974B053F}.Release|Any CPU.ActiveCfg = Release|Any CPU
		{C8616A31-A2C5-4D55-B4E6-0A4C974B053F}.Release|Any CPU.Build.0 = Release|Any CPU
		{85C057FF-F7AA-4EF9-B68B-14480B6CCE9C}.Debug|Any CPU.ActiveCfg = Debug|Any CPU
		{85C057FF-F7AA-4EF9-B68B-14480B6CCE9C}.Debug|Any CPU.Build.0 = Debug|Any CPU
		{85C057FF-F7AA-4EF9-B68B-14480B6CCE9C}.Release|Any CPU.ActiveCfg = Release|Any CPU
		{85C057FF-F7AA-4EF9-B68B-14480B6CCE9C}.Release|Any CPU.Build.0 = Release|Any CPU
		{2EC729CF-9C84-4C3E-BF87-ABD524A3EB05}.Debug|Any CPU.ActiveCfg = Debug|Any CPU
		{2EC729CF-9C84-4C3E-BF87-ABD524A3EB05}.Debug|Any CPU.Build.0 = Debug|Any CPU
		{2EC729CF-9C84-4C3E-BF87-ABD524A3EB05}.Release|Any CPU.ActiveCfg = Release|Any CPU
		{2EC729CF-9C84-4C3E-BF87-ABD524A3EB05}.Release|Any CPU.Build.0 = Release|Any CPU
		{84072AE5-2E54-4EE9-99F1-BFA06A92282D}.Debug|Any CPU.ActiveCfg = Debug|Any CPU
		{84072AE5-2E54-4EE9-99F1-BFA06A92282D}.Debug|Any CPU.Build.0 = Debug|Any CPU
		{84072AE5-2E54-4EE9-99F1-BFA06A92282D}.Release|Any CPU.ActiveCfg = Release|Any CPU
		{84072AE5-2E54-4EE9-99F1-BFA06A92282D}.Release|Any CPU.Build.0 = Release|Any CPU
		{30BEDA9F-F7B6-486C-91F6-0EF64523C0B1}.Debug|Any CPU.ActiveCfg = Debug|Any CPU
		{30BEDA9F-F7B6-486C-91F6-0EF64523C0B1}.Debug|Any CPU.Build.0 = Debug|Any CPU
		{30BEDA9F-F7B6-486C-91F6-0EF64523C0B1}.Release|Any CPU.ActiveCfg = Release|Any CPU
		{30BEDA9F-F7B6-486C-91F6-0EF64523C0B1}.Release|Any CPU.Build.0 = Release|Any CPU
		{A1D4A8B2-C542-4548-BEF2-E11392F86768}.Debug|Any CPU.ActiveCfg = Debug|Any CPU
		{A1D4A8B2-C542-4548-BEF2-E11392F86768}.Debug|Any CPU.Build.0 = Debug|Any CPU
		{A1D4A8B2-C542-4548-BEF2-E11392F86768}.Release|Any CPU.ActiveCfg = Release|Any CPU
		{A1D4A8B2-C542-4548-BEF2-E11392F86768}.Release|Any CPU.Build.0 = Release|Any CPU
		{95B060B2-900E-43D9-A5F8-6C58E91A15C4}.Debug|Any CPU.ActiveCfg = Debug|Any CPU
		{95B060B2-900E-43D9-A5F8-6C58E91A15C4}.Debug|Any CPU.Build.0 = Debug|Any CPU
		{95B060B2-900E-43D9-A5F8-6C58E91A15C4}.Release|Any CPU.ActiveCfg = Release|Any CPU
		{95B060B2-900E-43D9-A5F8-6C58E91A15C4}.Release|Any CPU.Build.0 = Release|Any CPU
		{33FDBB6A-0828-43F6-8AD0-D6196050DBCE}.Debug|Any CPU.ActiveCfg = Debug|Any CPU
		{33FDBB6A-0828-43F6-8AD0-D6196050DBCE}.Debug|Any CPU.Build.0 = Debug|Any CPU
		{33FDBB6A-0828-43F6-8AD0-D6196050DBCE}.Release|Any CPU.ActiveCfg = Release|Any CPU
		{33FDBB6A-0828-43F6-8AD0-D6196050DBCE}.Release|Any CPU.Build.0 = Release|Any CPU
		{603B3B83-65FA-4DE0-A665-4A962080088A}.Debug|Any CPU.ActiveCfg = Debug|Any CPU
		{603B3B83-65FA-4DE0-A665-4A962080088A}.Debug|Any CPU.Build.0 = Debug|Any CPU
		{603B3B83-65FA-4DE0-A665-4A962080088A}.Release|Any CPU.ActiveCfg = Release|Any CPU
		{603B3B83-65FA-4DE0-A665-4A962080088A}.Release|Any CPU.Build.0 = Release|Any CPU
	EndGlobalSection
	GlobalSection(SolutionProperties) = preSolution
		HideSolutionNode = FALSE
	EndGlobalSection
	GlobalSection(NestedProjects) = preSolution
		{CE003A27-D4FA-42B5-BC37-7537B474644A} = {295AB5BA-7802-4ED5-8007-E02B118024B2}
		{10995187-A15A-4682-BD79-47AB6BF8AA16} = {295AB5BA-7802-4ED5-8007-E02B118024B2}
		{3F298309-141E-4346-BF11-D1E7FB33D0A2} = {295AB5BA-7802-4ED5-8007-E02B118024B2}
		{47A09C68-CF42-4833-A3D0-A8F0421515A1} = {F6FA9337-AED5-4837-8A02-D5D9C7F0109A}
		{C868E2C9-4D53-4C4C-87DC-945882BCDC6F} = {F6FA9337-AED5-4837-8A02-D5D9C7F0109A}
		{F451D6EB-9438-4D03-B16D-E2187D1F6E16} = {F6FA9337-AED5-4837-8A02-D5D9C7F0109A}
		{C8616A31-A2C5-4D55-B4E6-0A4C974B053F} = {CABC859C-4BFE-4F5D-A2A5-C59579E31551}
		{85C057FF-F7AA-4EF9-B68B-14480B6CCE9C} = {CABC859C-4BFE-4F5D-A2A5-C59579E31551}
		{2EC729CF-9C84-4C3E-BF87-ABD524A3EB05} = {CABC859C-4BFE-4F5D-A2A5-C59579E31551}
		{84072AE5-2E54-4EE9-99F1-BFA06A92282D} = {41A7566F-768D-410F-9D8E-65F7DF6127F6}
		{30BEDA9F-F7B6-486C-91F6-0EF64523C0B1} = {41A7566F-768D-410F-9D8E-65F7DF6127F6}
		{A1D4A8B2-C542-4548-BEF2-E11392F86768} = {41A7566F-768D-410F-9D8E-65F7DF6127F6}
		{95B060B2-900E-43D9-A5F8-6C58E91A15C4} = {1090BDC6-7BA0-4EFD-9DDE-6971C963AAE9}
		{33FDBB6A-0828-43F6-8AD0-D6196050DBCE} = {1090BDC6-7BA0-4EFD-9DDE-6971C963AAE9}
		{603B3B83-65FA-4DE0-A665-4A962080088A} = {1090BDC6-7BA0-4EFD-9DDE-6971C963AAE9}
	EndGlobalSection
	GlobalSection(ExtensibilityGlobals) = postSolution
		SolutionGuid = {EB827476-3538-4459-A70B-82B9A868EA64}
	EndGlobalSection
EndGlobal
