
Microsoft Visual Studio Solution File, Format Version 12.00
# Visual Studio Version 17
VisualStudioVersion = 17.11.35303.130
MinimumVisualStudioVersion = 10.0.40219.1
Project("{2150E333-8FDC-42A3-9474-1A3956D46DE8}") = "Task0", "Task0", "{295AB5BA-7802-4ED5-8007-E02B118024B2}"
EndProject
Project("{FAE04EC0-301F-11D3-BF4B-00C04F79EFBC}") = "Tyuiu.BorkovNA.Sprint3.Task0.V23.Lib", "Tyuiu.BorkovNA.Sprint3.Task0.V23.Lib\Tyuiu.BorkovNA.Sprint3.Task0.V23.Lib.csproj", "{CE003A27-D4FA-42B5-BC37-7537B474644A}"
EndProject
Project("{FAE04EC0-301F-11D3-BF4B-00C04F79EFBC}") = "Tyuiu.BorkovNA.Sprint3.Task0.V23.Test", "Tyuiu.BorkovNA.Sprint3.Task0.V23.Test\Tyuiu.BorkovNA.Sprint3.Task0.V23.Test.csproj", "{10995187-A15A-4682-BD79-47AB6BF8AA16}"
EndProject
Project("{FAE04EC0-301F-11D3-BF4B-00C04F79EFBC}") = "Tyuiu.BorkovNA.Sprint3.Task0.V23", "Tyuiu.BorkovNA.Sprint3.Task0.V23\Tyuiu.BorkovNA.Sprint3.Task0.V23.csproj", "{3F298309-141E-4346-BF11-D1E7FB33D0A2}"
EndProject
Project("{2150E333-8FDC-42A3-9474-1A3956D46DE8}") = "Task1", "Task1", "{F6FA9337-AED5-4837-8A02-D5D9C7F0109A}"
EndProject
Project("{FAE04EC0-301F-11D3-BF4B-00C04F79EFBC}") = "Tyuiu.BorkovNA.Sprint3.Task1.V24.Lib", "Tyuiu.BorkovNA.Sprint3.Task1.V24.Lib\Tyuiu.BorkovNA.Sprint3.Task1.V24.Lib.csproj", "{47A09C68-CF42-4833-A3D0-A8F0421515A1}"
EndProject
Project("{FAE04EC0-301F-11D3-BF4B-00C04F79EFBC}") = "Tyuiu.BorkovNA.Sprint3.Task1.V24.Test", "Tyuiu.BorkovNA.Sprint3.Task1.V24.Test\Tyuiu.BorkovNA.Sprint3.Task1.V24.Test.csproj", "{C868E2C9-4D53-4C4C-87DC-945882BCDC6F}"
EndProject
Project("{FAE04EC0-301F-11D3-BF4B-00C04F79EFBC}") = "Tyuiu.BorkovNA.Sprint3.Task1.V24", "Tyuiu.BorkovNA.Sprint3.Task1.V24\Tyuiu.BorkovNA.Sprint3.Task1.V24.csproj", "{F451D6EB-9438-4D03-B16D-E2187D1F6E16}"
EndProject
Global
	GlobalSection(SolutionConfigurationPlatforms) = preSolution
		Debug|Any CPU = Debug|Any CPU
		Release|Any CPU = Release|Any CPU
	EndGlobalSection
	GlobalSection(ProjectConfigurationPlatforms) = postSolution
		{CE003A27-D4FA-42B5-BC37-7537B474644A}.Debug|Any CPU.ActiveCfg = Debug|Any CPU
		{CE003A27-D4FA-42B5-BC37-7537B474644A}.Debug|Any CPU.Build.0 = Debug|Any CPU
		{CE003A27-D4FA-42B5-BC37-7537B474644A}.Release|Any CPU.ActiveCfg = Release|Any CPU
		{CE003A27-D4FA-42B5-BC37-7537B474644A}.Release|Any CPU.Build.0 = Release|Any CPU
		{10995187-A15A-4682-BD79-47AB6BF8AA16}.Debug|Any CPU.ActiveCfg = Debug|Any CPU
		{10995187-A15A-4682-BD79-47AB6BF8AA16}.Debug|Any CPU.Build.0 = Debug|Any CPU
		{10995187-A15A-4682-BD79-47AB6BF8AA16}.Release|Any CPU.ActiveCfg = Release|Any CPU
		{10995187-A15A-4682-BD79-47AB6BF8AA16}.Release|Any CPU.Build.0 = Release|Any CPU
		{3F298309-141E-4346-BF11-D1E7FB33D0A2}.Debug|Any CPU.ActiveCfg = Debug|Any CPU
		{3F298309-141E-4346-BF11-D1E7FB33D0A2}.Debug|Any CPU.Build.0 = Debug|Any CPU
		{3F298309-141E-4346-BF11-D1E7FB33D0A2}.Release|Any CPU.ActiveCfg = Release|Any CPU
		{3F298309-141E-4346-BF11-D1E7FB33D0A2}.Release|Any CPU.Build.0 = Release|Any CPU
		{47A09C68-CF42-4833-A3D0-A8F0421515A1}.Debug|Any CPU.ActiveCfg = Debug|Any CPU
		{47A09C68-CF42-4833-A3D0-A8F0421515A1}.Debug|Any CPU.Build.0 = Debug|Any CPU
		{47A09C68-CF42-4833-A3D0-A8F0421515A1}.Release|Any CPU.ActiveCfg = Release|Any CPU
		{47A09C68-CF42-4833-A3D0-A8F0421515A1}.Release|Any CPU.Build.0 = Release|Any CPU
		{C868E2C9-4D53-4C4C-87DC-945882BCDC6F}.Debug|Any CPU.ActiveCfg = Debug|Any CPU
		{C868E2C9-4D53-4C4C-87DC-945882BCDC6F}.Debug|Any CPU.Build.0 = Debug|Any CPU
		{C868E2C9-4D53-4C4C-87DC-945882BCDC6F}.Release|Any CPU.ActiveCfg = Release|Any CPU
		{C868E2C9-4D53-4C4C-87DC-945882BCDC6F}.Release|Any CPU.Build.0 = Release|Any CPU
		{F451D6EB-9438-4D03-B16D-E2187D1F6E16}.Debug|Any CPU.ActiveCfg = Debug|Any CPU
		{F451D6EB-9438-4D03-B16D-E2187D1F6E16}.Debug|Any CPU.Build.0 = Debug|Any CPU
		{F451D6EB-9438-4D03-B16D-E2187D1F6E16}.Release|Any CPU.ActiveCfg = Release|Any CPU
		{F451D6EB-9438-4D03-B16D-E2187D1F6E16}.Release|Any CPU.Build.0 = Release|Any CPU
	EndGlobalSection
	GlobalSection(SolutionProperties) = preSolution
		HideSolutionNode = FALSE
	EndGlobalSection
	GlobalSection(NestedProjects) = preSolution
		{CE003A27-D4FA-42B5-BC37-7537B474644A} = {295AB5BA-7802-4ED5-8007-E02B118024B2}
		{10995187-A15A-4682-BD79-47AB6BF8AA16} = {295AB5BA-7802-4ED5-8007-E02B118024B2}
		{3F298309-141E-4346-BF11-D1E7FB33D0A2} = {295AB5BA-7802-4ED5-8007-E02B118024B2}
		{47A09C68-CF42-4833-A3D0-A8F0421515A1} = {F6FA9337-AED5-4837-8A02-D5D9C7F0109A}
		{C868E2C9-4D53-4C4C-87DC-945882BCDC6F} = {F6FA9337-AED5-4837-8A02-D5D9C7F0109A}
		{F451D6EB-9438-4D03-B16D-E2187D1F6E16} = {F6FA9337-AED5-4837-8A02-D5D9C7F0109A}
	EndGlobalSection
	GlobalSection(ExtensibilityGlobals) = postSolution
		SolutionGuid = {EB827476-3538-4459-A70B-82B9A868EA64}
	EndGlobalSection
EndGlobal
